// !$*UTF8*$!
{
	archiveVersion = 1;
	classes = {
	};
	objectVersion = 50;
	objects = {

/* Begin PBXBuildFile section */
		22039F4822E0542600DF5E87 /* AppDelegate.m in Sources */ = {isa = PBXBuildFile; fileRef = 22039F4722E0542600DF5E87 /* AppDelegate.m */; };
		22039F4B22E0542600DF5E87 /* ViewController.m in Sources */ = {isa = PBXBuildFile; fileRef = 22039F4A22E0542600DF5E87 /* ViewController.m */; };
		22039F4E22E0542600DF5E87 /* Main.storyboard in Resources */ = {isa = PBXBuildFile; fileRef = 22039F4C22E0542600DF5E87 /* Main.storyboard */; };
		22039F5022E0542700DF5E87 /* Assets.xcassets in Resources */ = {isa = PBXBuildFile; fileRef = 22039F4F22E0542700DF5E87 /* Assets.xcassets */; };
		22039F5322E0542700DF5E87 /* LaunchScreen.storyboard in Resources */ = {isa = PBXBuildFile; fileRef = 22039F5122E0542700DF5E87 /* LaunchScreen.storyboard */; };
		22039F5622E0542700DF5E87 /* main.m in Sources */ = {isa = PBXBuildFile; fileRef = 22039F5522E0542700DF5E87 /* main.m */; };
		22039F6022E0542700DF5E87 /* DIY_NotificationBarTests.m in Sources */ = {isa = PBXBuildFile; fileRef = 22039F5F22E0542700DF5E87 /* DIY_NotificationBarTests.m */; };
		22039F6B22E0542700DF5E87 /* DIY_NotificationBarUITests.m in Sources */ = {isa = PBXBuildFile; fileRef = 22039F6A22E0542700DF5E87 /* DIY_NotificationBarUITests.m */; };
		22039F7B22E0546E00DF5E87 /* NYLNotificationBar.m in Sources */ = {isa = PBXBuildFile; fileRef = 22039F7A22E0546E00DF5E87 /* NYLNotificationBar.m */; };
		F265819DEA6C910668BAA09E /* libPods-DIY_NotificationBar.a in Frameworks */ = {isa = PBXBuildFile; fileRef = C2E661F37372391CB3D7D59B /* libPods-DIY_NotificationBar.a */; };
/* End PBXBuildFile section */

/* Begin PBXContainerItemProxy section */
		22039F5C22E0542700DF5E87 /* PBXContainerItemProxy */ = {
			isa = PBXContainerItemProxy;
			containerPortal = 22039F3B22E0542600DF5E87 /* Project object */;
			proxyType = 1;
			remoteGlobalIDString = 22039F4222E0542600DF5E87;
			remoteInfo = DIY_NotificationBar;
		};
		22039F6722E0542700DF5E87 /* PBXContainerItemProxy */ = {
			isa = PBXContainerItemProxy;
			containerPortal = 22039F3B22E0542600DF5E87 /* Project object */;
			proxyType = 1;
			remoteGlobalIDString = 22039F4222E0542600DF5E87;
			remoteInfo = DIY_NotificationBar;
		};
/* End PBXContainerItemProxy section */

/* Begin PBXFileReference section */
		1D706766B2C8B6A73E1BFA45 /* Pods-DIY_NotificationBar.debug.xcconfig */ = {isa = PBXFileReference; includeInIndex = 1; lastKnownFileType = text.xcconfig; name = "Pods-DIY_NotificationBar.debug.xcconfig"; path = "Pods/Target Support Files/Pods-DIY_NotificationBar/Pods-DIY_NotificationBar.debug.xcconfig"; sourceTree = "<group>"; };
		22039F4322E0542600DF5E87 /* DIY_NotificationBar.app */ = {isa = PBXFileReference; explicitFileType = wrapper.application; includeInIndex = 0; path = DIY_NotificationBar.app; sourceTree = BUILT_PRODUCTS_DIR; };
		22039F4622E0542600DF5E87 /* AppDelegate.h */ = {isa = PBXFileReference; lastKnownFileType = sourcecode.c.h; path = AppDelegate.h; sourceTree = "<group>"; };
		22039F4722E0542600DF5E87 /* AppDelegate.m */ = {isa = PBXFileReference; lastKnownFileType = sourcecode.c.objc; path = AppDelegate.m; sourceTree = "<group>"; };
		22039F4922E0542600DF5E87 /* ViewController.h */ = {isa = PBXFileReference; lastKnownFileType = sourcecode.c.h; path = ViewController.h; sourceTree = "<group>"; };
		22039F4A22E0542600DF5E87 /* ViewController.m */ = {isa = PBXFileReference; lastKnownFileType = sourcecode.c.objc; path = ViewController.m; sourceTree = "<group>"; };
		22039F4D22E0542600DF5E87 /* Base */ = {isa = PBXFileReference; lastKnownFileType = file.storyboard; name = Base; path = Base.lproj/Main.storyboard; sourceTree = "<group>"; };
		22039F4F22E0542700DF5E87 /* Assets.xcassets */ = {isa = PBXFileReference; lastKnownFileType = folder.assetcatalog; path = Assets.xcassets; sourceTree = "<group>"; };
		22039F5222E0542700DF5E87 /* Base */ = {isa = PBXFileReference; lastKnownFileType = file.storyboard; name = Base; path = Base.lproj/LaunchScreen.storyboard; sourceTree = "<group>"; };
		22039F5422E0542700DF5E87 /* Info.plist */ = {isa = PBXFileReference; lastKnownFileType = text.plist.xml; path = Info.plist; sourceTree = "<group>"; };
		22039F5522E0542700DF5E87 /* main.m */ = {isa = PBXFileReference; lastKnownFileType = sourcecode.c.objc; path = main.m; sourceTree = "<group>"; };
		22039F5B22E0542700DF5E87 /* DIY_NotificationBarTests.xctest */ = {isa = PBXFileReference; explicitFileType = wrapper.cfbundle; includeInIndex = 0; path = DIY_NotificationBarTests.xctest; sourceTree = BUILT_PRODUCTS_DIR; };
		22039F5F22E0542700DF5E87 /* DIY_NotificationBarTests.m */ = {isa = PBXFileReference; lastKnownFileType = sourcecode.c.objc; path = DIY_NotificationBarTests.m; sourceTree = "<group>"; };
		22039F6122E0542700DF5E87 /* Info.plist */ = {isa = PBXFileReference; lastKnownFileType = text.plist.xml; path = Info.plist; sourceTree = "<group>"; };
		22039F6622E0542700DF5E87 /* DIY_NotificationBarUITests.xctest */ = {isa = PBXFileReference; explicitFileType = wrapper.cfbundle; includeInIndex = 0; path = DIY_NotificationBarUITests.xctest; sourceTree = BUILT_PRODUCTS_DIR; };
		22039F6A22E0542700DF5E87 /* DIY_NotificationBarUITests.m */ = {isa = PBXFileReference; lastKnownFileType = sourcecode.c.objc; path = DIY_NotificationBarUITests.m; sourceTree = "<group>"; };
		22039F6C22E0542700DF5E87 /* Info.plist */ = {isa = PBXFileReference; lastKnownFileType = text.plist.xml; path = Info.plist; sourceTree = "<group>"; };
		22039F7922E0546E00DF5E87 /* NYLNotificationBar.h */ = {isa = PBXFileReference; lastKnownFileType = sourcecode.c.h; path = NYLNotificationBar.h; sourceTree = "<group>"; };
		22039F7A22E0546E00DF5E87 /* NYLNotificationBar.m */ = {isa = PBXFileReference; lastKnownFileType = sourcecode.c.objc; path = NYLNotificationBar.m; sourceTree = "<group>"; };
		C2E661F37372391CB3D7D59B /* libPods-DIY_NotificationBar.a */ = {isa = PBXFileReference; explicitFileType = archive.ar; includeInIndex = 0; path = "libPods-DIY_NotificationBar.a"; sourceTree = BUILT_PRODUCTS_DIR; };
		C3B708550315716B51293AC3 /* Pods-DIY_NotificationBar.release.xcconfig */ = {isa = PBXFileReference; includeInIndex = 1; lastKnownFileType = text.xcconfig; name = "Pods-DIY_NotificationBar.release.xcconfig"; path = "Pods/Target Support Files/Pods-DIY_NotificationBar/Pods-DIY_NotificationBar.release.xcconfig"; sourceTree = "<group>"; };
/* End PBXFileReference section */

/* Begin PBXFrameworksBuildPhase section */
		22039F4022E0542600DF5E87 /* Frameworks */ = {
			isa = PBXFrameworksBuildPhase;
			buildActionMask = 2147483647;
			files = (
				F265819DEA6C910668BAA09E /* libPods-DIY_NotificationBar.a in Frameworks */,
			);
			runOnlyForDeploymentPostprocessing = 0;
		};
		22039F5822E0542700DF5E87 /* Frameworks */ = {
			isa = PBXFrameworksBuildPhase;
			buildActionMask = 2147483647;
			files = (
			);
			runOnlyForDeploymentPostprocessing = 0;
		};
		22039F6322E0542700DF5E87 /* Frameworks */ = {
			isa = PBXFrameworksBuildPhase;
			buildActionMask = 2147483647;
			files = (
			);
			runOnlyForDeploymentPostprocessing = 0;
		};
/* End PBXFrameworksBuildPhase section */

/* Begin PBXGroup section */
		22039F3A22E0542600DF5E87 = {
			isa = PBXGroup;
			children = (
				22039F4522E0542600DF5E87 /* DIY_NotificationBar */,
				22039F5E22E0542700DF5E87 /* DIY_NotificationBarTests */,
				22039F6922E0542700DF5E87 /* DIY_NotificationBarUITests */,
				22039F4422E0542600DF5E87 /* Products */,
				F2F82BF4507CA5B906F1C3A0 /* Pods */,
				A9B3B3C4F7232C2BC4CF4B0C /* Frameworks */,
			);
			sourceTree = "<group>";
		};
		22039F4422E0542600DF5E87 /* Products */ = {
			isa = PBXGroup;
			children = (
				22039F4322E0542600DF5E87 /* DIY_NotificationBar.app */,
				22039F5B22E0542700DF5E87 /* DIY_NotificationBarTests.xctest */,
				22039F6622E0542700DF5E87 /* DIY_NotificationBarUITests.xctest */,
			);
			name = Products;
			sourceTree = "<group>";
		};
		22039F4522E0542600DF5E87 /* DIY_NotificationBar */ = {
			isa = PBXGroup;
			children = (
				22039F7822E0544100DF5E87 /* NYLNotificationBar */,
				22039F4622E0542600DF5E87 /* AppDelegate.h */,
				22039F4722E0542600DF5E87 /* AppDelegate.m */,
				22039F4922E0542600DF5E87 /* ViewController.h */,
				22039F4A22E0542600DF5E87 /* ViewController.m */,
				22039F4C22E0542600DF5E87 /* Main.storyboard */,
				22039F4F22E0542700DF5E87 /* Assets.xcassets */,
				22039F5122E0542700DF5E87 /* LaunchScreen.storyboard */,
				22039F5422E0542700DF5E87 /* Info.plist */,
				22039F5522E0542700DF5E87 /* main.m */,
			);
			path = DIY_NotificationBar;
			sourceTree = "<group>";
		};
		22039F5E22E0542700DF5E87 /* DIY_NotificationBarTests */ = {
			isa = PBXGroup;
			children = (
				22039F5F22E0542700DF5E87 /* DIY_NotificationBarTests.m */,
				22039F6122E0542700DF5E87 /* Info.plist */,
			);
			path = DIY_NotificationBarTests;
			sourceTree = "<group>";
		};
		22039F6922E0542700DF5E87 /* DIY_NotificationBarUITests */ = {
			isa = PBXGroup;
			children = (
				22039F6A22E0542700DF5E87 /* DIY_NotificationBarUITests.m */,
				22039F6C22E0542700DF5E87 /* Info.plist */,
			);
			path = DIY_NotificationBarUITests;
			sourceTree = "<group>";
		};
		22039F7822E0544100DF5E87 /* NYLNotificationBar */ = {
			isa = PBXGroup;
			children = (
				22039F7922E0546E00DF5E87 /* NYLNotificationBar.h */,
				22039F7A22E0546E00DF5E87 /* NYLNotificationBar.m */,
			);
			path = NYLNotificationBar;
			sourceTree = "<group>";
		};
		A9B3B3C4F7232C2BC4CF4B0C /* Frameworks */ = {
			isa = PBXGroup;
			children = (
				C2E661F37372391CB3D7D59B /* libPods-DIY_NotificationBar.a */,
			);
			name = Frameworks;
			sourceTree = "<group>";
		};
		F2F82BF4507CA5B906F1C3A0 /* Pods */ = {
			isa = PBXGroup;
			children = (
				1D706766B2C8B6A73E1BFA45 /* Pods-DIY_NotificationBar.debug.xcconfig */,
				C3B708550315716B51293AC3 /* Pods-DIY_NotificationBar.release.xcconfig */,
			);
			name = Pods;
			sourceTree = "<group>";
		};
/* End PBXGroup section */

/* Begin PBXNativeTarget section */
		22039F4222E0542600DF5E87 /* DIY_NotificationBar */ = {
			isa = PBXNativeTarget;
			buildConfigurationList = 22039F6F22E0542700DF5E87 /* Build configuration list for PBXNativeTarget "DIY_NotificationBar" */;
			buildPhases = (
				AAE8AC175FDB818F0178512C /* [CP] Check Pods Manifest.lock */,
				22039F3F22E0542600DF5E87 /* Sources */,
				22039F4022E0542600DF5E87 /* Frameworks */,
				22039F4122E0542600DF5E87 /* Resources */,
			);
			buildRules = (
			);
			dependencies = (
			);
			name = DIY_NotificationBar;
			productName = DIY_NotificationBar;
			productReference = 22039F4322E0542600DF5E87 /* DIY_NotificationBar.app */;
			productType = "com.apple.product-type.application";
		};
		22039F5A22E0542700DF5E87 /* DIY_NotificationBarTests */ = {
			isa = PBXNativeTarget;
			buildConfigurationList = 22039F7222E0542700DF5E87 /* Build configuration list for PBXNativeTarget "DIY_NotificationBarTests" */;
			buildPhases = (
				22039F5722E0542700DF5E87 /* Sources */,
				22039F5822E0542700DF5E87 /* Frameworks */,
				22039F5922E0542700DF5E87 /* Resources */,
			);
			buildRules = (
			);
			dependencies = (
				22039F5D22E0542700DF5E87 /* PBXTargetDependency */,
			);
			name = DIY_NotificationBarTests;
			productName = DIY_NotificationBarTests;
			productReference = 22039F5B22E0542700DF5E87 /* DIY_NotificationBarTests.xctest */;
			productType = "com.apple.product-type.bundle.unit-test";
		};
		22039F6522E0542700DF5E87 /* DIY_NotificationBarUITests */ = {
			isa = PBXNativeTarget;
			buildConfigurationList = 22039F7522E0542700DF5E87 /* Build configuration list for PBXNativeTarget "DIY_NotificationBarUITests" */;
			buildPhases = (
				22039F6222E0542700DF5E87 /* Sources */,
				22039F6322E0542700DF5E87 /* Frameworks */,
				22039F6422E0542700DF5E87 /* Resources */,
			);
			buildRules = (
			);
			dependencies = (
				22039F6822E0542700DF5E87 /* PBXTargetDependency */,
			);
			name = DIY_NotificationBarUITests;
			productName = DIY_NotificationBarUITests;
			productReference = 22039F6622E0542700DF5E87 /* DIY_NotificationBarUITests.xctest */;
			productType = "com.apple.product-type.bundle.ui-testing";
		};
/* End PBXNativeTarget section */

/* Begin PBXProject section */
		22039F3B22E0542600DF5E87 /* Project object */ = {
			isa = PBXProject;
			attributes = {
				LastUpgradeCheck = 1020;
				ORGANIZATIONNAME = nieyinlong;
				TargetAttributes = {
					22039F4222E0542600DF5E87 = {
						CreatedOnToolsVersion = 10.2.1;
					};
					22039F5A22E0542700DF5E87 = {
						CreatedOnToolsVersion = 10.2.1;
						TestTargetID = 22039F4222E0542600DF5E87;
					};
					22039F6522E0542700DF5E87 = {
						CreatedOnToolsVersion = 10.2.1;
						TestTargetID = 22039F4222E0542600DF5E87;
					};
				};
			};
			buildConfigurationList = 22039F3E22E0542600DF5E87 /* Build configuration list for PBXProject "DIY_NotificationBar" */;
			compatibilityVersion = "Xcode 9.3";
			developmentRegion = en;
			hasScannedForEncodings = 0;
			knownRegions = (
				en,
				Base,
			);
			mainGroup = 22039F3A22E0542600DF5E87;
			productRefGroup = 22039F4422E0542600DF5E87 /* Products */;
			projectDirPath = "";
			projectRoot = "";
			targets = (
				22039F4222E0542600DF5E87 /* DIY_NotificationBar */,
				22039F5A22E0542700DF5E87 /* DIY_NotificationBarTests */,
				22039F6522E0542700DF5E87 /* DIY_NotificationBarUITests */,
			);
		};
/* End PBXProject section */

/* Begin PBXResourcesBuildPhase section */
		22039F4122E0542600DF5E87 /* Resources */ = {
			isa = PBXResourcesBuildPhase;
			buildActionMask = 2147483647;
			files = (
				22039F5322E0542700DF5E87 /* LaunchScreen.storyboard in Resources */,
				22039F5022E0542700DF5E87 /* Assets.xcassets in Resources */,
				22039F4E22E0542600DF5E87 /* Main.storyboard in Resources */,
			);
			runOnlyForDeploymentPostprocessing = 0;
		};
		22039F5922E0542700DF5E87 /* Resources */ = {
			isa = PBXResourcesBuildPhase;
			buildActionMask = 2147483647;
			files = (
			);
			runOnlyForDeploymentPostprocessing = 0;
		};
		22039F6422E0542700DF5E87 /* Resources */ = {
			isa = PBXResourcesBuildPhase;
			buildActionMask = 2147483647;
			files = (
			);
			runOnlyForDeploymentPostprocessing = 0;
		};
/* End PBXResourcesBuildPhase section */

/* Begin PBXShellScriptBuildPhase section */
		AAE8AC175FDB818F0178512C /* [CP] Check Pods Manifest.lock */ = {
			isa = PBXShellScriptBuildPhase;
			buildActionMask = 2147483647;
			files = (
			);
			inputPaths = (
				"${PODS_PODFILE_DIR_PATH}/Podfile.lock",
				"${PODS_ROOT}/Manifest.lock",
			);
			name = "[CP] Check Pods Manifest.lock";
			outputPaths = (
				"$(DERIVED_FILE_DIR)/Pods-DIY_NotificationBar-checkManifestLockResult.txt",
			);
			runOnlyForDeploymentPostprocessing = 0;
			shellPath = /bin/sh;
			shellScript = "diff \"${PODS_PODFILE_DIR_PATH}/Podfile.lock\" \"${PODS_ROOT}/Manifest.lock\" > /dev/null\nif [ $? != 0 ] ; then\n    # print error to STDERR\n    echo \"error: The sandbox is not in sync with the Podfile.lock. Run 'pod install' or update your CocoaPods installation.\" >&2\n    exit 1\nfi\n# This output is used by Xcode 'outputs' to avoid re-running this script phase.\necho \"SUCCESS\" > \"${SCRIPT_OUTPUT_FILE_0}\"\n";
			showEnvVarsInLog = 0;
		};
/* End PBXShellScriptBuildPhase section */

/* Begin PBXSourcesBuildPhase section */
		22039F3F22E0542600DF5E87 /* Sources */ = {
			isa = PBXSourcesBuildPhase;
			buildActionMask = 2147483647;
			files = (
				22039F4B22E0542600DF5E87 /* ViewController.m in Sources */,
				22039F5622E0542700DF5E87 /* main.m in Sources */,
				22039F7B22E0546E00DF5E87 /* NYLNotificationBar.m in Sources */,
				22039F4822E0542600DF5E87 /* AppDelegate.m in Sources */,
			);
			runOnlyForDeploymentPostprocessing = 0;
		};
		22039F5722E0542700DF5E87 /* Sources */ = {
			isa = PBXSourcesBuildPhase;
			buildActionMask = 2147483647;
			files = (
				22039F6022E0542700DF5E87 /* DIY_NotificationBarTests.m in Sources */,
			);
			runOnlyForDeploymentPostprocessing = 0;
		};
		22039F6222E0542700DF5E87 /* Sources */ = {
			isa = PBXSourcesBuildPhase;
			buildActionMask = 2147483647;
			files = (
				22039F6B22E0542700DF5E87 /* DIY_NotificationBarUITests.m in Sources */,
			);
			runOnlyForDeploymentPostprocessing = 0;
		};
/* End PBXSourcesBuildPhase section */

/* Begin PBXTargetDependency section */
		22039F5D22E0542700DF5E87 /* PBXTargetDependency */ = {
			isa = PBXTargetDependency;
			target = 22039F4222E0542600DF5E87 /* DIY_NotificationBar */;
			targetProxy = 22039F5C22E0542700DF5E87 /* PBXContainerItemProxy */;
		};
		22039F6822E0542700DF5E87 /* PBXTargetDependency */ = {
			isa = PBXTargetDependency;
			target = 22039F4222E0542600DF5E87 /* DIY_NotificationBar */;
			targetProxy = 22039F6722E0542700DF5E87 /* PBXContainerItemProxy */;
		};
/* End PBXTargetDependency section */

/* Begin PBXVariantGroup section */
		22039F4C22E0542600DF5E87 /* Main.storyboard */ = {
			isa = PBXVariantGroup;
			children = (
				22039F4D22E0542600DF5E87 /* Base */,
			);
			name = Main.storyboard;
			sourceTree = "<group>";
		};
		22039F5122E0542700DF5E87 /* LaunchScreen.storyboard */ = {
			isa = PBXVariantGroup;
			children = (
				22039F5222E0542700DF5E87 /* Base */,
			);
			name = LaunchScreen.storyboard;
			sourceTree = "<group>";
		};
/* End PBXVariantGroup section */

/* Begin XCBuildConfiguration section */
		22039F6D22E0542700DF5E87 /* Debug */ = {
			isa = XCBuildConfiguration;
			buildSettings = {
				ALWAYS_SEARCH_USER_PATHS = NO;
				CLANG_ANALYZER_NONNULL = YES;
				CLANG_ANALYZER_NUMBER_OBJECT_CONVERSION = YES_AGGRESSIVE;
				CLANG_CXX_LANGUAGE_STANDARD = "gnu++14";
				CLANG_CXX_LIBRARY = "libc++";
				CLANG_ENABLE_MODULES = YES;
				CLANG_ENABLE_OBJC_ARC = YES;
				CLANG_ENABLE_OBJC_WEAK = YES;
				CLANG_WARN_BLOCK_CAPTURE_AUTORELEASING = YES;
				CLANG_WARN_BOOL_CONVERSION = YES;
				CLANG_WARN_COMMA = YES;
				CLANG_WARN_CONSTANT_CONVERSION = YES;
				CLANG_WARN_DEPRECATED_OBJC_IMPLEMENTATIONS = YES;
				CLANG_WARN_DIRECT_OBJC_ISA_USAGE = YES_ERROR;
				CLANG_WARN_DOCUMENTATION_COMMENTS = YES;
				CLANG_WARN_EMPTY_BODY = YES;
				CLANG_WARN_ENUM_CONVERSION = YES;
				CLANG_WARN_INFINITE_RECURSION = YES;
				CLANG_WARN_INT_CONVERSION = YES;
				CLANG_WARN_NON_LITERAL_NULL_CONVERSION = YES;
				CLANG_WARN_OBJC_IMPLICIT_RETAIN_SELF = YES;
				CLANG_WARN_OBJC_LITERAL_CONVERSION = YES;
				CLANG_WARN_OBJC_ROOT_CLASS = YES_ERROR;
				CLANG_WARN_RANGE_LOOP_ANALYSIS = YES;
				CLANG_WARN_STRICT_PROTOTYPES = YES;
				CLANG_WARN_SUSPICIOUS_MOVE = YES;
				CLANG_WARN_UNGUARDED_AVAILABILITY = YES_AGGRESSIVE;
				CLANG_WARN_UNREACHABLE_CODE = YES;
				CLANG_WARN__DUPLICATE_METHOD_MATCH = YES;
				CODE_SIGN_IDENTITY = "iPhone Developer";
				COPY_PHASE_STRIP = NO;
				DEBUG_INFORMATION_FORMAT = dwarf;
				ENABLE_STRICT_OBJC_MSGSEND = YES;
				ENABLE_TESTABILITY = YES;
				GCC_C_LANGUAGE_STANDARD = gnu11;
				GCC_DYNAMIC_NO_PIC = NO;
				GCC_NO_COMMON_BLOCKS = YES;
				GCC_OPTIMIZATION_LEVEL = 0;
				GCC_PREPROCESSOR_DEFINITIONS = (
					"DEBUG=1",
					"$(inherited)",
				);
				GCC_WARN_64_TO_32_BIT_CONVERSION = YES;
				GCC_WARN_ABOUT_RETURN_TYPE = YES_ERROR;
				GCC_WARN_UNDECLARED_SELECTOR = YES;
				GCC_WARN_UNINITIALIZED_AUTOS = YES_AGGRESSIVE;
				GCC_WARN_UNUSED_FUNCTION = YES;
				GCC_WARN_UNUSED_VARIABLE = YES;
				IPHONEOS_DEPLOYMENT_TARGET = 12.2;
				MTL_ENABLE_DEBUG_INFO = INCLUDE_SOURCE;
				MTL_FAST_MATH = YES;
				ONLY_ACTIVE_ARCH = YES;
				SDKROOT = iphoneos;
			};
			name = Debug;
		};
		22039F6E22E0542700DF5E87 /* Release */ = {
			isa = XCBuildConfiguration;
			buildSettings = {
				ALWAYS_SEARCH_USER_PATHS = NO;
				CLANG_ANALYZER_NONNULL = YES;
				CLANG_ANALYZER_NUMBER_OBJECT_CONVERSION = YES_AGGRESSIVE;
				CLANG_CXX_LANGUAGE_STANDARD = "gnu++14";
				CLANG_CXX_LIBRARY = "libc++";
				CLANG_ENABLE_MODULES = YES;
				CLANG_ENABLE_OBJC_ARC = YES;
				CLANG_ENABLE_OBJC_WEAK = YES;
				CLANG_WARN_BLOCK_CAPTURE_AUTORELEASING = YES;
				CLANG_WARN_BOOL_CONVERSION = YES;
				CLANG_WARN_COMMA = YES;
				CLANG_WARN_CONSTANT_CONVERSION = YES;
				CLANG_WARN_DEPRECATED_OBJC_IMPLEMENTATIONS = YES;
				CLANG_WARN_DIRECT_OBJC_ISA_USAGE = YES_ERROR;
				CLANG_WARN_DOCUMENTATION_COMMENTS = YES;
				CLANG_WARN_EMPTY_BODY = YES;
				CLANG_WARN_ENUM_CONVERSION = YES;
				CLANG_WARN_INFINITE_RECURSION = YES;
				CLANG_WARN_INT_CONVERSION = YES;
				CLANG_WARN_NON_LITERAL_NULL_CONVERSION = YES;
				CLANG_WARN_OBJC_IMPLICIT_RETAIN_SELF = YES;
				CLANG_WARN_OBJC_LITERAL_CONVERSION = YES;
				CLANG_WARN_OBJC_ROOT_CLASS = YES_ERROR;
				CLANG_WARN_RANGE_LOOP_ANALYSIS = YES;
				CLANG_WARN_STRICT_PROTOTYPES = YES;
				CLANG_WARN_SUSPICIOUS_MOVE = YES;
				CLANG_WARN_UNGUARDED_AVAILABILITY = YES_AGGRESSIVE;
				CLANG_WARN_UNREACHABLE_CODE = YES;
				CLANG_WARN__DUPLICATE_METHOD_MATCH = YES;
				CODE_SIGN_IDENTITY = "iPhone Developer";
				COPY_PHASE_STRIP = NO;
				DEBUG_INFORMATION_FORMAT = "dwarf-with-dsym";
				ENABLE_NS_ASSERTIONS = NO;
				ENABLE_STRICT_OBJC_MSGSEND = YES;
				GCC_C_LANGUAGE_STANDARD = gnu11;
				GCC_NO_COMMON_BLOCKS = YES;
				GCC_WARN_64_TO_32_BIT_CONVERSION = YES;
				GCC_WARN_ABOUT_RETURN_TYPE = YES_ERROR;
				GCC_WARN_UNDECLARED_SELECTOR = YES;
				GCC_WARN_UNINITIALIZED_AUTOS = YES_AGGRESSIVE;
				GCC_WARN_UNUSED_FUNCTION = YES;
				GCC_WARN_UNUSED_VARIABLE = YES;
				IPHONEOS_DEPLOYMENT_TARGET = 12.2;
				MTL_ENABLE_DEBUG_INFO = NO;
				MTL_FAST_MATH = YES;
				SDKROOT = iphoneos;
				VALIDATE_PRODUCT = YES;
			};
			name = Release;
		};
		22039F7022E0542700DF5E87 /* Debug */ = {
			isa = XCBuildConfiguration;
			baseConfigurationReference = 1D706766B2C8B6A73E1BFA45 /* Pods-DIY_NotificationBar.debug.xcconfig */;
			buildSettings = {
				ASSETCATALOG_COMPILER_APPICON_NAME = AppIcon;
				CODE_SIGN_STYLE = Automatic;
				DEVELOPMENT_TEAM = "";
				INFOPLIST_FILE = DIY_NotificationBar/Info.plist;
				IPHONEOS_DEPLOYMENT_TARGET = 12.0;
				LD_RUNPATH_SEARCH_PATHS = (
					"$(inherited)",
					"@executable_path/Frameworks",
				);
				PRODUCT_BUNDLE_IDENTIFIER = "com.nyl.DIY-NotificationBar";
				PRODUCT_NAME = "$(TARGET_NAME)";
				TARGETED_DEVICE_FAMILY = "1,2";
			};
			name = Debug;
		};
		22039F7122E0542700DF5E87 /* Release */ = {
			isa = XCBuildConfiguration;
			baseConfigurationReference = C3B708550315716B51293AC3 /* Pods-DIY_NotificationBar.release.xcconfig */;
			buildSettings = {
				ASSETCATALOG_COMPILER_APPICON_NAME = AppIcon;
				CODE_SIGN_STYLE = Automatic;
				DEVELOPMENT_TEAM = "";
				INFOPLIST_FILE = DIY_NotificationBar/Info.plist;
				IPHONEOS_DEPLOYMENT_TARGET = 12.0;
				LD_RUNPATH_SEARCH_PATHS = (
					"$(inherited)",
					"@executable_path/Frameworks",
				);
				PRODUCT_BUNDLE_IDENTIFIER = "com.nyl.DIY-NotificationBar";
				PRODUCT_NAME = "$(TARGET_NAME)";
				TARGETED_DEVICE_FAMILY = "1,2";
			};
			name = Release;
		};
		22039F7322E0542700DF5E87 /* Debug */ = {
			isa = XCBuildConfiguration;
			buildSettings = {
				BUNDLE_LOADER = "$(TEST_HOST)";
				CODE_SIGN_STYLE = Automatic;
				INFOPLIST_FILE = DIY_NotificationBarTests/Info.plist;
				LD_RUNPATH_SEARCH_PATHS = (
					"$(inherited)",
					"@executable_path/Frameworks",
					"@loader_path/Frameworks",
				);
				PRODUCT_BUNDLE_IDENTIFIER = "com.nyl.DIY-NotificationBarTests";
				PRODUCT_NAME = "$(TARGET_NAME)";
				TARGETED_DEVICE_FAMILY = "1,2";
				TEST_HOST = "$(BUILT_PRODUCTS_DIR)/DIY_NotificationBar.app/DIY_NotificationBar";
			};
			name = Debug;
		};
		22039F7422E0542700DF5E87 /* Release */ = {
			isa = XCBuildConfiguration;
			buildSettings = {
				BUNDLE_LOADER = "$(TEST_HOST)";
				CODE_SIGN_STYLE = Automatic;
				INFOPLIST_FILE = DIY_NotificationBarTests/Info.plist;
				LD_RUNPATH_SEARCH_PATHS = (
					"$(inherited)",
					"@executable_path/Frameworks",
					"@loader_path/Frameworks",
				);
				PRODUCT_BUNDLE_IDENTIFIER = "com.nyl.DIY-NotificationBarTests";
				PRODUCT_NAME = "$(TARGET_NAME)";
				TARGETED_DEVICE_FAMILY = "1,2";
				TEST_HOST = "$(BUILT_PRODUCTS_DIR)/DIY_NotificationBar.app/DIY_NotificationBar";
			};
			name = Release;
		};
		22039F7622E0542700DF5E87 /* Debug */ = {
			isa = XCBuildConfiguration;
			buildSettings = {
				CODE_SIGN_STYLE = Automatic;
				INFOPLIST_FILE = DIY_NotificationBarUITests/Info.plist;
				LD_RUNPATH_SEARCH_PATHS = (
					"$(inherited)",
					"@executable_path/Frameworks",
					"@loader_path/Frameworks",
				);
				PRODUCT_BUNDLE_IDENTIFIER = "com.nyl.DIY-NotificationBarUITests";
				PRODUCT_NAME = "$(TARGET_NAME)";
				TARGETED_DEVICE_FAMILY = "1,2";
				TEST_TARGET_NAME = DIY_NotificationBar;
			};
			name = Debug;
		};
		22039F7722E0542700DF5E87 /* Release */ = {
			isa = XCBuildConfiguration;
			buildSettings = {
				CODE_SIGN_STYLE = Automatic;
				INFOPLIST_FILE = DIY_NotificationBarUITests/Info.plist;
				LD_RUNPATH_SEARCH_PATHS = (
					"$(inherited)",
					"@executable_path/Frameworks",
					"@loader_path/Frameworks",
				);
				PRODUCT_BUNDLE_IDENTIFIER = "com.nyl.DIY-NotificationBarUITests";
				PRODUCT_NAME = "$(TARGET_NAME)";
				TARGETED_DEVICE_FAMILY = "1,2";
				TEST_TARGET_NAME = DIY_NotificationBar;
			};
			name = Release;
		};
/* End XCBuildConfiguration section */

/* Begin XCConfigurationList section */
		22039F3E22E0542600DF5E87 /* Build configuration list for PBXProject "DIY_NotificationBar" */ = {
			isa = XCConfigurationList;
			buildConfigurations = (
				22039F6D22E0542700DF5E87 /* Debug */,
				22039F6E22E0542700DF5E87 /* Release */,
			);
			defaultConfigurationIsVisible = 0;
			defaultConfigurationName = Release;
		};
		22039F6F22E0542700DF5E87 /* Build configuration list for PBXNativeTarget "DIY_NotificationBar" */ = {
			isa = XCConfigurationList;
			buildConfigurations = (
				22039F7022E0542700DF5E87 /* Debug */,
				22039F7122E0542700DF5E87 /* Release */,
			);
			defaultConfigurationIsVisible = 0;
			defaultConfigurationName = Release;
		};
		22039F7222E0542700DF5E87 /* Build configuration list for PBXNativeTarget "DIY_NotificationBarTests" */ = {
			isa = XCConfigurationList;
			buildConfigurations = (
				22039F7322E0542700DF5E87 /* Debug */,
				22039F7422E0542700DF5E87 /* Release */,
			);
			defaultConfigurationIsVisible = 0;
			defaultConfigurationName = Release;
		};
		22039F7522E0542700DF5E87 /* Build configuration list for PBXNativeTarget "DIY_NotificationBarUITests" */ = {
			isa = XCConfigurationList;
			buildConfigurations = (
				22039F7622E0542700DF5E87 /* Debug */,
				22039F7722E0542700DF5E87 /* Release */,
			);
			defaultConfigurationIsVisible = 0;
			defaultConfigurationName = Release;
		};
/* End XCConfigurationList section */
	};
	rootObject = 22039F3B22E0542600DF5E87 /* Project object */;
}
